lockfileVersion: '9.0'

settings:
  autoInstallPeers: true
  excludeLinksFromLockfile: false

importers:

  .:
    dependencies:
      '@tsconfig/node24':
        specifier: ^24.0.0
        version: 24.0.4
      '@tsconfig/strictest':
        specifier: ^2.0.0
        version: 2.0.8
      '@vue/tsconfig':
        specifier: ^0.7.0
        version: 0.7.0(typescript@6.0.3)
      typescript:
        specifier: '>=6.0.0'
        version: 6.0.3

packages:

  '@tsconfig/node24@24.0.4':
    resolution: {integrity: sha512-2A933l5P5oCbv6qSxHs7ckKwobs8BDAe9SJ/Xr2Hy+nDlwmLE1GhFh/g/vXGRZWgxBg9nX/5piDtHR9Dkw/XuA==}

  '@tsconfig/strictest@2.0.8':
    resolution: {integrity: sha512-XnQ7vNz5HRN0r88GYf1J9JJjqtZPiHt2woGJOo2dYqyHGGcd6OLGqSlBB6p1j9mpzja6Oe5BoPqWmeDx6X9rLw==}

  '@vue/tsconfig@0.7.0':
    resolution: {integrity: sha512-ku2uNz5MaZ9IerPPUyOHzyjhXoX2kVJaVf7hL315DC17vS6IiZRmmCPfggNbU16QTvM80+uYYy3eYJB59WCtvg==}
    peerDependencies:
      typescript: 5.x
      vue: ^3.4.0
    peerDependenciesMeta:
      typescript:
        optional: true
      vue:
        optional: true

  typescript@6.0.3:
    resolution: {integrity: sha512-y2TvuxSZPDyQakkFRPZHKFm+KKVqIisdg9/CZwm9ftvKXLP8NRWj38/ODjNbr43SsoXqNuAisEf1GdCxqWcdBw==}
    engines: {node: '>=14.17'}
    hasBin: true

snapshots:

  '@tsconfig/node24@24.0.4': {}

  '@tsconfig/strictest@2.0.8': {}

  '@vue/tsconfig@0.7.0(typescript@6.0.3)':
    optionalDependencies:
      typescript: 6.0.3

  typescript@6.0.3: {}
